// !$*UTF8*$!
{
	archiveVersion = 1;
	classes = {
	};
	objectVersion = 50;
	objects = {

/* Begin PBXBuildFile section */
		F802191F21BABB9B00170240 /* AppDelegate.m in Sources */ = {isa = PBXBuildFile; fileRef = F802191E21BABB9B00170240 /* AppDelegate.m */; };
		F802192221BABB9B00170240 /* ViewController.m in Sources */ = {isa = PBXBuildFile; fileRef = F802192121BABB9B00170240 /* ViewController.m */; };
		F802192521BABB9B00170240 /* Main.storyboard in Resources */ = {isa = PBXBuildFile; fileRef = F802192321BABB9B00170240 /* Main.storyboard */; };
		F802192721BABB9C00170240 /* Assets.xcassets in Resources */ = {isa = PBXBuildFile; fileRef = F802192621BABB9C00170240 /* Assets.xcassets */; };
		F802192A21BABB9C00170240 /* LaunchScreen.storyboard in Resources */ = {isa = PBXBuildFile; fileRef = F802192821BABB9C00170240 /* LaunchScreen.storyboard */; };
		F802192D21BABB9C00170240 /* main.m in Sources */ = {isa = PBXBuildFile; fileRef = F802192C21BABB9C00170240 /* main.m */; };
		F802193721BABB9C00170240 /* ModuleStackOverflowTests.m in Sources */ = {isa = PBXBuildFile; fileRef = F802193621BABB9C00170240 /* ModuleStackOverflowTests.m */; };
		F802194621BABD8800170240 /* MSOServiceLocator.m in Sources */ = {isa = PBXBuildFile; fileRef = F802194521BABD8800170240 /* MSOServiceLocator.m */; };
		F802194B21BABE9800170240 /* MSOOnlineProvider.m in Sources */ = {isa = PBXBuildFile; fileRef = F802194A21BABE9800170240 /* MSOOnlineProvider.m */; };
		F802194F21BAC19C00170240 /* MSOQuestion.m in Sources */ = {isa = PBXBuildFile; fileRef = F802194E21BAC19C00170240 /* MSOQuestion.m */; };
		F802195321BACF1100170240 /* MSOQuestionFactory.m in Sources */ = {isa = PBXBuildFile; fileRef = F802195221BACF1100170240 /* MSOQuestionFactory.m */; };
		F8249ACD21BE4E300067AC2C /* Model.xcdatamodeld in Sources */ = {isa = PBXBuildFile; fileRef = F8249ACB21BE4E300067AC2C /* Model.xcdatamodeld */; };
		F871F5CE21C3951F005E9FA2 /* MSODataBase.m in Sources */ = {isa = PBXBuildFile; fileRef = F871F5CD21C3951F005E9FA2 /* MSODataBase.m */; };
/* End PBXBuildFile section */

/* Begin PBXContainerItemProxy section */
		F802193321BABB9C00170240 /* PBXContainerItemProxy */ = {
			isa = PBXContainerItemProxy;
			containerPortal = F802191221BABB9B00170240 /* Project object */;
			proxyType = 1;
			remoteGlobalIDString = F802191921BABB9B00170240;
			remoteInfo = ModuleStackOverflow;
		};
/* End PBXContainerItemProxy section */

/* Begin PBXFileReference section */
		F802191A21BABB9B00170240 /* ModuleStackOverflow.app */ = {isa = PBXFileReference; explicitFileType = wrapper.application; includeInIndex = 0; path = ModuleStackOverflow.app; sourceTree = BUILT_PRODUCTS_DIR; };
		F802191D21BABB9B00170240 /* AppDelegate.h */ = {isa = PBXFileReference; lastKnownFileType = sourcecode.c.h; path = AppDelegate.h; sourceTree = "<group>"; };
		F802191E21BABB9B00170240 /* AppDelegate.m */ = {isa = PBXFileReference; lastKnownFileType = sourcecode.c.objc; path = AppDelegate.m; sourceTree = "<group>"; };
		F802192021BABB9B00170240 /* ViewController.h */ = {isa = PBXFileReference; lastKnownFileType = sourcecode.c.h; path = ViewController.h; sourceTree = "<group>"; };
		F802192121BABB9B00170240 /* ViewController.m */ = {isa = PBXFileReference; lastKnownFileType = sourcecode.c.objc; path = ViewController.m; sourceTree = "<group>"; };
		F802192421BABB9B00170240 /* Base */ = {isa = PBXFileReference; lastKnownFileType = file.storyboard; name = Base; path = Base.lproj/Main.storyboard; sourceTree = "<group>"; };
		F802192621BABB9C00170240 /* Assets.xcassets */ = {isa = PBXFileReference; lastKnownFileType = folder.assetcatalog; path = Assets.xcassets; sourceTree = "<group>"; };
		F802192921BABB9C00170240 /* Base */ = {isa = PBXFileReference; lastKnownFileType = file.storyboard; name = Base; path = Base.lproj/LaunchScreen.storyboard; sourceTree = "<group>"; };
		F802192B21BABB9C00170240 /* Info.plist */ = {isa = PBXFileReference; lastKnownFileType = text.plist.xml; path = Info.plist; sourceTree = "<group>"; };
		F802192C21BABB9C00170240 /* main.m */ = {isa = PBXFileReference; lastKnownFileType = sourcecode.c.objc; path = main.m; sourceTree = "<group>"; };
		F802193221BABB9C00170240 /* ModuleStackOverflowTests.xctest */ = {isa = PBXFileReference; explicitFileType = wrapper.cfbundle; includeInIndex = 0; path = ModuleStackOverflowTests.xctest; sourceTree = BUILT_PRODUCTS_DIR; };
		F802193621BABB9C00170240 /* ModuleStackOverflowTests.m */ = {isa = PBXFileReference; lastKnownFileType = sourcecode.c.objc; path = ModuleStackOverflowTests.m; sourceTree = "<group>"; };
		F802193821BABB9C00170240 /* Info.plist */ = {isa = PBXFileReference; lastKnownFileType = text.plist.xml; path = Info.plist; sourceTree = "<group>"; };
		F802194321BABC4A00170240 /* MSOServiceLocatorProtocol.h */ = {isa = PBXFileReference; lastKnownFileType = sourcecode.c.h; path = MSOServiceLocatorProtocol.h; sourceTree = "<group>"; };
		F802194421BABD8800170240 /* MSOServiceLocator.h */ = {isa = PBXFileReference; lastKnownFileType = sourcecode.c.h; path = MSOServiceLocator.h; sourceTree = "<group>"; };
		F802194521BABD8800170240 /* MSOServiceLocator.m */ = {isa = PBXFileReference; lastKnownFileType = sourcecode.c.objc; path = MSOServiceLocator.m; sourceTree = "<group>"; };
		F802194821BABE4400170240 /* MSOOnlineProviderProtocol.h */ = {isa = PBXFileReference; lastKnownFileType = sourcecode.c.h; path = MSOOnlineProviderProtocol.h; sourceTree = "<group>"; };
		F802194921BABE9800170240 /* MSOOnlineProvider.h */ = {isa = PBXFileReference; lastKnownFileType = sourcecode.c.h; path = MSOOnlineProvider.h; sourceTree = "<group>"; };
		F802194A21BABE9800170240 /* MSOOnlineProvider.m */ = {isa = PBXFileReference; lastKnownFileType = sourcecode.c.objc; path = MSOOnlineProvider.m; sourceTree = "<group>"; };
		F802194D21BAC19C00170240 /* MSOQuestion.h */ = {isa = PBXFileReference; lastKnownFileType = sourcecode.c.h; path = MSOQuestion.h; sourceTree = "<group>"; };
		F802194E21BAC19C00170240 /* MSOQuestion.m */ = {isa = PBXFileReference; lastKnownFileType = sourcecode.c.objc; path = MSOQuestion.m; sourceTree = "<group>"; };
		F802195121BACF1100170240 /* MSOQuestionFactory.h */ = {isa = PBXFileReference; lastKnownFileType = sourcecode.c.h; path = MSOQuestionFactory.h; sourceTree = "<group>"; };
		F802195221BACF1100170240 /* MSOQuestionFactory.m */ = {isa = PBXFileReference; lastKnownFileType = sourcecode.c.objc; path = MSOQuestionFactory.m; sourceTree = "<group>"; };
		F802195421BAD51E00170240 /* MSOQuestion+Private.h */ = {isa = PBXFileReference; lastKnownFileType = sourcecode.c.h; path = "MSOQuestion+Private.h"; sourceTree = "<group>"; };
		F8249ACC21BE4E300067AC2C /* Model.xcdatamodel */ = {isa = PBXFileReference; lastKnownFileType = wrapper.xcdatamodel; path = Model.xcdatamodel; sourceTree = "<group>"; };
		F871F5CB21C393D6005E9FA2 /* MSODataBaseProtocol.h */ = {isa = PBXFileReference; lastKnownFileType = sourcecode.c.h; path = MSODataBaseProtocol.h; sourceTree = "<group>"; };
		F871F5CC21C3951F005E9FA2 /* MSODataBase.h */ = {isa = PBXFileReference; lastKnownFileType = sourcecode.c.h; path = MSODataBase.h; sourceTree = "<group>"; };
		F871F5CD21C3951F005E9FA2 /* MSODataBase.m */ = {isa = PBXFileReference; lastKnownFileType = sourcecode.c.objc; path = MSODataBase.m; sourceTree = "<group>"; };
/* End PBXFileReference section */

/* Begin PBXFrameworksBuildPhase section */
		F802191721BABB9B00170240 /* Frameworks */ = {
			isa = PBXFrameworksBuildPhase;
			buildActionMask = 2147483647;
			files = (
			);
			runOnlyForDeploymentPostprocessing = 0;
		};
		F802192F21BABB9C00170240 /* Frameworks */ = {
			isa = PBXFrameworksBuildPhase;
			buildActionMask = 2147483647;
			files = (
			);
			runOnlyForDeploymentPostprocessing = 0;
		};
/* End PBXFrameworksBuildPhase section */

/* Begin PBXGroup section */
		F802191121BABB9B00170240 = {
			isa = PBXGroup;
			children = (
				F802191C21BABB9B00170240 /* ModuleStackOverflow */,
				F802193521BABB9C00170240 /* ModuleStackOverflowTests */,
				F802191B21BABB9B00170240 /* Products */,
			);
			sourceTree = "<group>";
		};
		F802191B21BABB9B00170240 /* Products */ = {
			isa = PBXGroup;
			children = (
				F802191A21BABB9B00170240 /* ModuleStackOverflow.app */,
				F802193221BABB9C00170240 /* ModuleStackOverflowTests.xctest */,
			);
			name = Products;
			sourceTree = "<group>";
		};
		F802191C21BABB9B00170240 /* ModuleStackOverflow */ = {
			isa = PBXGroup;
			children = (
				F8249AC921BE4CDA0067AC2C /* OfflineProvider */,
				F802195021BACEEF00170240 /* Factories */,
				F802194C21BAC0ED00170240 /* Models */,
				F802194721BABE2100170240 /* OnlineProvider */,
				F802194121BABC2300170240 /* Services */,
				F802191D21BABB9B00170240 /* AppDelegate.h */,
				F802191E21BABB9B00170240 /* AppDelegate.m */,
				F802192021BABB9B00170240 /* ViewController.h */,
				F802192121BABB9B00170240 /* ViewController.m */,
				F802192321BABB9B00170240 /* Main.storyboard */,
				F802192621BABB9C00170240 /* Assets.xcassets */,
				F802192821BABB9C00170240 /* LaunchScreen.storyboard */,
				F802192B21BABB9C00170240 /* Info.plist */,
				F802192C21BABB9C00170240 /* main.m */,
			);
			path = ModuleStackOverflow;
			sourceTree = "<group>";
		};
		F802193521BABB9C00170240 /* ModuleStackOverflowTests */ = {
			isa = PBXGroup;
			children = (
				F802193621BABB9C00170240 /* ModuleStackOverflowTests.m */,
				F802193821BABB9C00170240 /* Info.plist */,
			);
			path = ModuleStackOverflowTests;
			sourceTree = "<group>";
		};
		F802194121BABC2300170240 /* Services */ = {
			isa = PBXGroup;
			children = (
				F802194221BABC2C00170240 /* ServiceLocator */,
			);
			path = Services;
			sourceTree = "<group>";
		};
		F802194221BABC2C00170240 /* ServiceLocator */ = {
			isa = PBXGroup;
			children = (
				F802194321BABC4A00170240 /* MSOServiceLocatorProtocol.h */,
				F802194421BABD8800170240 /* MSOServiceLocator.h */,
				F802194521BABD8800170240 /* MSOServiceLocator.m */,
			);
			path = ServiceLocator;
			sourceTree = "<group>";
		};
		F802194721BABE2100170240 /* OnlineProvider */ = {
			isa = PBXGroup;
			children = (
				F802194821BABE4400170240 /* MSOOnlineProviderProtocol.h */,
				F802194921BABE9800170240 /* MSOOnlineProvider.h */,
				F802194A21BABE9800170240 /* MSOOnlineProvider.m */,
			);
			path = OnlineProvider;
			sourceTree = "<group>";
		};
		F802194C21BAC0ED00170240 /* Models */ = {
			isa = PBXGroup;
			children = (
				F802194D21BAC19C00170240 /* MSOQuestion.h */,
				F802194E21BAC19C00170240 /* MSOQuestion.m */,
				F802195421BAD51E00170240 /* MSOQuestion+Private.h */,
			);
			path = Models;
			sourceTree = "<group>";
		};
		F802195021BACEEF00170240 /* Factories */ = {
			isa = PBXGroup;
			children = (
				F802195121BACF1100170240 /* MSOQuestionFactory.h */,
				F802195221BACF1100170240 /* MSOQuestionFactory.m */,
			);
			path = Factories;
			sourceTree = "<group>";
		};
		F8249AC921BE4CDA0067AC2C /* OfflineProvider */ = {
			isa = PBXGroup;
			children = (
				F8249ACA21BE4CE70067AC2C /* CoreData */,
			);
			path = OfflineProvider;
			sourceTree = "<group>";
		};
		F8249ACA21BE4CE70067AC2C /* CoreData */ = {
			isa = PBXGroup;
			children = (
				F8249ACB21BE4E300067AC2C /* Model.xcdatamodeld */,
				F871F5CB21C393D6005E9FA2 /* MSODataBaseProtocol.h */,
				F871F5CC21C3951F005E9FA2 /* MSODataBase.h */,
				F871F5CD21C3951F005E9FA2 /* MSODataBase.m */,
			);
			path = CoreData;
			sourceTree = "<group>";
		};
/* End PBXGroup section */

/* Begin PBXNativeTarget section */
		F802191921BABB9B00170240 /* ModuleStackOverflow */ = {
			isa = PBXNativeTarget;
			buildConfigurationList = F802193B21BABB9C00170240 /* Build configuration list for PBXNativeTarget "ModuleStackOverflow" */;
			buildPhases = (
				F802191621BABB9B00170240 /* Sources */,
				F802191721BABB9B00170240 /* Frameworks */,
				F802191821BABB9B00170240 /* Resources */,
			);
			buildRules = (
			);
			dependencies = (
			);
			name = ModuleStackOverflow;
			productName = ModuleStackOverflow;
			productReference = F802191A21BABB9B00170240 /* ModuleStackOverflow.app */;
			productType = "com.apple.product-type.application";
		};
		F802193121BABB9C00170240 /* ModuleStackOverflowTests */ = {
			isa = PBXNativeTarget;
			buildConfigurationList = F802193E21BABB9C00170240 /* Build configuration list for PBXNativeTarget "ModuleStackOverflowTests" */;
			buildPhases = (
				F802192E21BABB9C00170240 /* Sources */,
				F802192F21BABB9C00170240 /* Frameworks */,
				F802193021BABB9C00170240 /* Resources */,
			);
			buildRules = (
			);
			dependencies = (
				F802193421BABB9C00170240 /* PBXTargetDependency */,
			);
			name = ModuleStackOverflowTests;
			productName = ModuleStackOverflowTests;
			productReference = F802193221BABB9C00170240 /* ModuleStackOverflowTests.xctest */;
			productType = "com.apple.product-type.bundle.unit-test";
		};
/* End PBXNativeTarget section */

/* Begin PBXProject section */
		F802191221BABB9B00170240 /* Project object */ = {
			isa = PBXProject;
			attributes = {
				LastUpgradeCheck = 1010;
				ORGANIZATIONNAME = "Iskander Foatov";
				TargetAttributes = {
					F802191921BABB9B00170240 = {
						CreatedOnToolsVersion = 10.1;
					};
					F802193121BABB9C00170240 = {
						CreatedOnToolsVersion = 10.1;
						TestTargetID = F802191921BABB9B00170240;
					};
				};
			};
			buildConfigurationList = F802191521BABB9B00170240 /* Build configuration list for PBXProject "ModuleStackOverflow" */;
			compatibilityVersion = "Xcode 9.3";
			developmentRegion = en;
			hasScannedForEncodings = 0;
			knownRegions = (
				en,
				Base,
			);
			mainGroup = F802191121BABB9B00170240;
			productRefGroup = F802191B21BABB9B00170240 /* Products */;
			projectDirPath = "";
			projectRoot = "";
			targets = (
				F802191921BABB9B00170240 /* ModuleStackOverflow */,
				F802193121BABB9C00170240 /* ModuleStackOverflowTests */,
			);
		};
/* End PBXProject section */

/* Begin PBXResourcesBuildPhase section */
		F802191821BABB9B00170240 /* Resources */ = {
			isa = PBXResourcesBuildPhase;
			buildActionMask = 2147483647;
			files = (
				F802192A21BABB9C00170240 /* LaunchScreen.storyboard in Resources */,
				F802192721BABB9C00170240 /* Assets.xcassets in Resources */,
				F802192521BABB9B00170240 /* Main.storyboard in Resources */,
			);
			runOnlyForDeploymentPostprocessing = 0;
		};
		F802193021BABB9C00170240 /* Resources */ = {
			isa = PBXResourcesBuildPhase;
			buildActionMask = 2147483647;
			files = (
			);
			runOnlyForDeploymentPostprocessing = 0;
		};
/* End PBXResourcesBuildPhase section */

/* Begin PBXSourcesBuildPhase section */
		F802191621BABB9B00170240 /* Sources */ = {
			isa = PBXSourcesBuildPhase;
			buildActionMask = 2147483647;
			files = (
				F802192221BABB9B00170240 /* ViewController.m in Sources */,
				F802195321BACF1100170240 /* MSOQuestionFactory.m in Sources */,
				F802192D21BABB9C00170240 /* main.m in Sources */,
				F871F5CE21C3951F005E9FA2 /* MSODataBase.m in Sources */,
				F8249ACD21BE4E300067AC2C /* Model.xcdatamodeld in Sources */,
				F802194621BABD8800170240 /* MSOServiceLocator.m in Sources */,
				F802191F21BABB9B00170240 /* AppDelegate.m in Sources */,
				F802194B21BABE9800170240 /* MSOOnlineProvider.m in Sources */,
				F802194F21BAC19C00170240 /* MSOQuestion.m in Sources */,
			);
			runOnlyForDeploymentPostprocessing = 0;
		};
		F802192E21BABB9C00170240 /* Sources */ = {
			isa = PBXSourcesBuildPhase;
			buildActionMask = 2147483647;
			files = (
				F802193721BABB9C00170240 /* ModuleStackOverflowTests.m in Sources */,
			);
			runOnlyForDeploymentPostprocessing = 0;
		};
/* End PBXSourcesBuildPhase section */

/* Begin PBXTargetDependency section */
		F802193421BABB9C00170240 /* PBXTargetDependency */ = {
			isa = PBXTargetDependency;
			target = F802191921BABB9B00170240 /* ModuleStackOverflow */;
			targetProxy = F802193321BABB9C00170240 /* PBXContainerItemProxy */;
		};
/* End PBXTargetDependency section */

/* Begin PBXVariantGroup section */
		F802192321BABB9B00170240 /* Main.storyboard */ = {
			isa = PBXVariantGroup;
			children = (
				F802192421BABB9B00170240 /* Base */,
			);
			name = Main.storyboard;
			sourceTree = "<group>";
		};
		F802192821BABB9C00170240 /* LaunchScreen.storyboard */ = {
			isa = PBXVariantGroup;
			children = (
				F802192921BABB9C00170240 /* Base */,
			);
			name = LaunchScreen.storyboard;
			sourceTree = "<group>";
		};
/* End PBXVariantGroup section */

/* Begin XCBuildConfiguration section */
		F802193921BABB9C00170240 /* Debug */ = {
			isa = XCBuildConfiguration;
			buildSettings = {
				ALWAYS_SEARCH_USER_PATHS = NO;
				CLANG_ANALYZER_NONNULL = YES;
				CLANG_ANALYZER_NUMBER_OBJECT_CONVERSION = YES_AGGRESSIVE;
				CLANG_CXX_LANGUAGE_STANDARD = "gnu++14";
				CLANG_CXX_LIBRARY = "libc++";
				CLANG_ENABLE_MODULES = YES;
				CLANG_ENABLE_OBJC_ARC = YES;
				CLANG_ENABLE_OBJC_WEAK = YES;
				CLANG_WARN_BLOCK_CAPTURE_AUTORELEASING = YES;
				CLANG_WARN_BOOL_CONVERSION = YES;
				CLANG_WARN_COMMA = YES;
				CLANG_WARN_CONSTANT_CONVERSION = YES;
				CLANG_WARN_DEPRECATED_OBJC_IMPLEMENTATIONS = YES;
				CLANG_WARN_DIRECT_OBJC_ISA_USAGE = YES_ERROR;
				CLANG_WARN_DOCUMENTATION_COMMENTS = YES;
				CLANG_WARN_EMPTY_BODY = YES;
				CLANG_WARN_ENUM_CONVERSION = YES;
				CLANG_WARN_INFINITE_RECURSION = YES;
				CLANG_WARN_INT_CONVERSION = YES;
				CLANG_WARN_NON_LITERAL_NULL_CONVERSION = YES;
				CLANG_WARN_OBJC_IMPLICIT_RETAIN_SELF = YES;
				CLANG_WARN_OBJC_LITERAL_CONVERSION = YES;
				CLANG_WARN_OBJC_ROOT_CLASS = YES_ERROR;
				CLANG_WARN_RANGE_LOOP_ANALYSIS = YES;
				CLANG_WARN_STRICT_PROTOTYPES = YES;
				CLANG_WARN_SUSPICIOUS_MOVE = YES;
				CLANG_WARN_UNGUARDED_AVAILABILITY = YES_AGGRESSIVE;
				CLANG_WARN_UNREACHABLE_CODE = YES;
				CLANG_WARN__DUPLICATE_METHOD_MATCH = YES;
				CODE_SIGN_IDENTITY = "iPhone Developer";
				COPY_PHASE_STRIP = NO;
				DEBUG_INFORMATION_FORMAT = dwarf;
				ENABLE_STRICT_OBJC_MSGSEND = YES;
				ENABLE_TESTABILITY = YES;
				GCC_C_LANGUAGE_STANDARD = gnu11;
				GCC_DYNAMIC_NO_PIC = NO;
				GCC_NO_COMMON_BLOCKS = YES;
				GCC_OPTIMIZATION_LEVEL = 0;
				GCC_PREPROCESSOR_DEFINITIONS = (
					"DEBUG=1",
					"$(inherited)",
				);
				GCC_WARN_64_TO_32_BIT_CONVERSION = YES;
				GCC_WARN_ABOUT_RETURN_TYPE = YES_ERROR;
				GCC_WARN_UNDECLARED_SELECTOR = YES;
				GCC_WARN_UNINITIALIZED_AUTOS = YES_AGGRESSIVE;
				GCC_WARN_UNUSED_FUNCTION = YES;
				GCC_WARN_UNUSED_VARIABLE = YES;
				IPHONEOS_DEPLOYMENT_TARGET = 9.0;
				MTL_ENABLE_DEBUG_INFO = INCLUDE_SOURCE;
				MTL_FAST_MATH = YES;
				ONLY_ACTIVE_ARCH = YES;
				SDKROOT = iphoneos;
			};
			name = Debug;
		};
		F802193A21BABB9C00170240 /* Release */ = {
			isa = XCBuildConfiguration;
			buildSettings = {
				ALWAYS_SEARCH_USER_PATHS = NO;
				CLANG_ANALYZER_NONNULL = YES;
				CLANG_ANALYZER_NUMBER_OBJECT_CONVERSION = YES_AGGRESSIVE;
				CLANG_CXX_LANGUAGE_STANDARD = "gnu++14";
				CLANG_CXX_LIBRARY = "libc++";
				CLANG_ENABLE_MODULES = YES;
				CLANG_ENABLE_OBJC_ARC = YES;
				CLANG_ENABLE_OBJC_WEAK = YES;
				CLANG_WARN_BLOCK_CAPTURE_AUTORELEASING = YES;
				CLANG_WARN_BOOL_CONVERSION = YES;
				CLANG_WARN_COMMA = YES;
				CLANG_WARN_CONSTANT_CONVERSION = YES;
				CLANG_WARN_DEPRECATED_OBJC_IMPLEMENTATIONS = YES;
				CLANG_WARN_DIRECT_OBJC_ISA_USAGE = YES_ERROR;
				CLANG_WARN_DOCUMENTATION_COMMENTS = YES;
				CLANG_WARN_EMPTY_BODY = YES;
				CLANG_WARN_ENUM_CONVERSION = YES;
				CLANG_WARN_INFINITE_RECURSION = YES;
				CLANG_WARN_INT_CONVERSION = YES;
				CLANG_WARN_NON_LITERAL_NULL_CONVERSION = YES;
				CLANG_WARN_OBJC_IMPLICIT_RETAIN_SELF = YES;
				CLANG_WARN_OBJC_LITERAL_CONVERSION = YES;
				CLANG_WARN_OBJC_ROOT_CLASS = YES_ERROR;
				CLANG_WARN_RANGE_LOOP_ANALYSIS = YES;
				CLANG_WARN_STRICT_PROTOTYPES = YES;
				CLANG_WARN_SUSPICIOUS_MOVE = YES;
				CLANG_WARN_UNGUARDED_AVAILABILITY = YES_AGGRESSIVE;
				CLANG_WARN_UNREACHABLE_CODE = YES;
				CLANG_WARN__DUPLICATE_METHOD_MATCH = YES;
				CODE_SIGN_IDENTITY = "iPhone Developer";
				COPY_PHASE_STRIP = NO;
				DEBUG_INFORMATION_FORMAT = "dwarf-with-dsym";
				ENABLE_NS_ASSERTIONS = NO;
				ENABLE_STRICT_OBJC_MSGSEND = YES;
				GCC_C_LANGUAGE_STANDARD = gnu11;
				GCC_NO_COMMON_BLOCKS = YES;
				GCC_WARN_64_TO_32_BIT_CONVERSION = YES;
				GCC_WARN_ABOUT_RETURN_TYPE = YES_ERROR;
				GCC_WARN_UNDECLARED_SELECTOR = YES;
				GCC_WARN_UNINITIALIZED_AUTOS = YES_AGGRESSIVE;
				GCC_WARN_UNUSED_FUNCTION = YES;
				GCC_WARN_UNUSED_VARIABLE = YES;
				IPHONEOS_DEPLOYMENT_TARGET = 9.0;
				MTL_ENABLE_DEBUG_INFO = NO;
				MTL_FAST_MATH = YES;
				SDKROOT = iphoneos;
				VALIDATE_PRODUCT = YES;
			};
			name = Release;
		};
		F802193C21BABB9C00170240 /* Debug */ = {
			isa = XCBuildConfiguration;
			buildSettings = {
				ASSETCATALOG_COMPILER_APPICON_NAME = AppIcon;
				CODE_SIGN_STYLE = Automatic;
				DEVELOPMENT_TEAM = EXB62WLCJ2;
				INFOPLIST_FILE = ModuleStackOverflow/Info.plist;
				IPHONEOS_DEPLOYMENT_TARGET = 9.0;
				LD_RUNPATH_SEARCH_PATHS = (
					"$(inherited)",
					"@executable_path/Frameworks",
				);
				PRODUCT_BUNDLE_IDENTIFIER = ifoatov.tutorials.ModuleStackOverflow.ModuleStackOverflow;
				PRODUCT_NAME = "$(TARGET_NAME)";
				TARGETED_DEVICE_FAMILY = 1;
			};
			name = Debug;
		};
		F802193D21BABB9C00170240 /* Release */ = {
			isa = XCBuildConfiguration;
			buildSettings = {
				ASSETCATALOG_COMPILER_APPICON_NAME = AppIcon;
				CODE_SIGN_STYLE = Automatic;
				DEVELOPMENT_TEAM = EXB62WLCJ2;
				INFOPLIST_FILE = ModuleStackOverflow/Info.plist;
				IPHONEOS_DEPLOYMENT_TARGET = 9.0;
				LD_RUNPATH_SEARCH_PATHS = (
					"$(inherited)",
					"@executable_path/Frameworks",
				);
				PRODUCT_BUNDLE_IDENTIFIER = ifoatov.tutorials.ModuleStackOverflow.ModuleStackOverflow;
				PRODUCT_NAME = "$(TARGET_NAME)";
				TARGETED_DEVICE_FAMILY = 1;
			};
			name = Release;
		};
		F802193F21BABB9C00170240 /* Debug */ = {
			isa = XCBuildConfiguration;
			buildSettings = {
				BUNDLE_LOADER = "$(TEST_HOST)";
				CODE_SIGN_STYLE = Automatic;
				DEVELOPMENT_TEAM = EXB62WLCJ2;
				INFOPLIST_FILE = ModuleStackOverflowTests/Info.plist;
				IPHONEOS_DEPLOYMENT_TARGET = 9.0;
				LD_RUNPATH_SEARCH_PATHS = (
					"$(inherited)",
					"@executable_path/Frameworks",
					"@loader_path/Frameworks",
				);
				PRODUCT_BUNDLE_IDENTIFIER = ifoatov.tutorials.ModuleStackOverflow.ModuleStackOverflowTests;
				PRODUCT_NAME = "$(TARGET_NAME)";
				TARGETED_DEVICE_FAMILY = "1,2";
				TEST_HOST = "$(BUILT_PRODUCTS_DIR)/ModuleStackOverflow.app/ModuleStackOverflow";
			};
			name = Debug;
		};
		F802194021BABB9C00170240 /* Release */ = {
			isa = XCBuildConfiguration;
			buildSettings = {
				BUNDLE_LOADER = "$(TEST_HOST)";
				CODE_SIGN_STYLE = Automatic;
				DEVELOPMENT_TEAM = EXB62WLCJ2;
				INFOPLIST_FILE = ModuleStackOverflowTests/Info.plist;
				IPHONEOS_DEPLOYMENT_TARGET = 9.0;
				LD_RUNPATH_SEARCH_PATHS = (
					"$(inherited)",
					"@executable_path/Frameworks",
					"@loader_path/Frameworks",
				);
				PRODUCT_BUNDLE_IDENTIFIER = ifoatov.tutorials.ModuleStackOverflow.ModuleStackOverflowTests;
				PRODUCT_NAME = "$(TARGET_NAME)";
				TARGETED_DEVICE_FAMILY = "1,2";
				TEST_HOST = "$(BUILT_PRODUCTS_DIR)/ModuleStackOverflow.app/ModuleStackOverflow";
			};
			name = Release;
		};
/* End XCBuildConfiguration section */

/* Begin XCConfigurationList section */
		F802191521BABB9B00170240 /* Build configuration list for PBXProject "ModuleStackOverflow" */ = {
			isa = XCConfigurationList;
			buildConfigurations = (
				F802193921BABB9C00170240 /* Debug */,
				F802193A21BABB9C00170240 /* Release */,
			);
			defaultConfigurationIsVisible = 0;
			defaultConfigurationName = Release;
		};
		F802193B21BABB9C00170240 /* Build configuration list for PBXNativeTarget "ModuleStackOverflow" */ = {
			isa = XCConfigurationList;
			buildConfigurations = (
				F802193C21BABB9C00170240 /* Debug */,
				F802193D21BABB9C00170240 /* Release */,
			);
			defaultConfigurationIsVisible = 0;
			defaultConfigurationName = Release;
		};
		F802193E21BABB9C00170240 /* Build configuration list for PBXNativeTarget "ModuleStackOverflowTests" */ = {
			isa = XCConfigurationList;
			buildConfigurations = (
				F802193F21BABB9C00170240 /* Debug */,
				F802194021BABB9C00170240 /* Release */,
			);
			defaultConfigurationIsVisible = 0;
			defaultConfigurationName = Release;
		};
/* End XCConfigurationList section */

/* Begin XCVersionGroup section */
		F8249ACB21BE4E300067AC2C /* Model.xcdatamodeld */ = {
			isa = XCVersionGroup;
			children = (
				F8249ACC21BE4E300067AC2C /* Model.xcdatamodel */,
			);
			currentVersion = F8249ACC21BE4E300067AC2C /* Model.xcdatamodel */;
			path = Model.xcdatamodeld;
			sourceTree = "<group>";
			versionGroupType = wrapper.xcdatamodel;
		};
/* End XCVersionGroup section */
	};
	rootObject = F802191221BABB9B00170240 /* Project object */;
}
